{
  "R": {
    "Version": "4.4.2",
    "Repositories": [
      {
        "Name": "CRAN",
        "URL": "https://cloud.r-project.org"
      }
    ]
  },
  "Packages": {
    "sf": {
      "Package": "sf",
      "Version": "1.1.1",
      "Source": "Repository",
      "Repository": "CRAN"
    },
    "jsonlite": {
      "Package": "jsonlite",
      "Version": "2.0.0",
      "Source": "Repository",
      "Repository": "CRAN"
    },
    "digest": {
      "Package": "digest",
      "Version": "0.6.37",
      "Source": "Repository",
      "Repository": "CRAN"
    },
    "readxl": {
      "Package": "readxl",
      "Version": "1.5.0",
      "Source": "Repository",
      "Repository": "CRAN"
    },
    "dplyr": {
      "Package": "dplyr",
      "Version": "1.2.1",
      "Source": "Repository",
      "Repository": "CRAN"
    },
    "terra": {
      "Package": "terra",
      "Version": "1.9.34",
      "Source": "Repository",
      "Repository": "CRAN"
    },
    "spThin": {
      "Package": "spThin",
      "Version": "0.2.0",
      "Source": "Repository",
      "Repository": "CRAN"
    },
    "ENMeval": {
      "Package": "ENMeval",
      "Version": "2.0.5.2",
      "Source": "Repository",
      "Repository": "CRAN"
    },
    "maxnet": {
      "Package": "maxnet",
      "Version": "0.1.4",
      "Source": "Repository",
      "Repository": "CRAN"
    },
    "pROC": {
      "Package": "pROC",
      "Version": "1.19.0.1",
      "Source": "Repository",
      "Repository": "CRAN"
    },
    "ggplot2": {
      "Package": "ggplot2",
      "Version": "4.0.3",
      "Source": "Repository",
      "Repository": "CRAN"
    },
    "ggrepel": {
      "Package": "ggrepel",
      "Version": "0.9.8",
      "Source": "Repository",
      "Repository": "CRAN"
    },
    "tidyterra": {
      "Package": "tidyterra",
      "Version": "0.7.0",
      "Source": "Repository",
      "Repository": "CRAN"
    },
    "tidyr": {
      "Package": "tidyr",
      "Version": "1.3.2",
      "Source": "Repository",
      "Repository": "CRAN"
    },
    "ggnewscale": {
      "Package": "ggnewscale",
      "Version": "0.5.1",
      "Source": "Repository",
      "Repository": "CRAN"
    }
  }
}